{
  "name": "backend",
  "version": "1.0.0",
  "lockfileVersion": 2,
  "requires": true,
  "packages": {
    "": {
      "name": "backend",
      "version": "1.0.0",
      "license": "ISC",
      "dependencies": {
        "web-proxy-sniffer": "file:../custom_libraries/web-sniffer",
        "ws": "^8.2.3"
      }
    },
    "../custom_libraries/web-sniffer": {
      "name": "web-proxy-sniffer",
      "version": "1.1.0",
      "license": "ISC",
      "dependencies": {
        "@types/pem": "^1.9.5",
        "pem": "^1.14.4"
      },
      "devDependencies": {
        "@types/node": "^13.13.5",
        "typescript": "^3.9.2"
      }
    },
    "node_modules/web-proxy-sniffer": {
      "resolved": "../custom_libraries/web-sniffer",
      "link": true
    },
    "node_modules/ws": {
      "version": "8.2.3",
      "resolved": "https://registry.npmjs.org/ws/-/ws-8.2.3.tgz",
      "integrity": "sha512-wBuoj1BDpC6ZQ1B7DWQBYVLphPWkm8i9Y0/3YdHjHKHiohOJ1ws+3OccDWtH+PoC9DZD5WOTrJvNbWvjS6JWaA==",
      "engines": {
        "node": ">=10.0.0"
      },
      "peerDependencies": {
        "bufferutil": "^4.0.1",
        "utf-8-validate": "^5.0.2"
      },
      "peerDependenciesMeta": {
        "bufferutil": {
          "optional": true
        },
        "utf-8-validate": {
          "optional": true
        }
      }
    }
  },
  "dependencies": {
    "web-proxy-sniffer": {
      "version": "file:../custom_libraries/web-sniffer",
      "requires": {
        "@types/node": "^13.13.5",
        "@types/pem": "^1.9.5",
        "pem": "^1.14.4",
        "typescript": "^3.9.2"
      }
    },
    "ws": {
      "version": "8.2.3",
      "resolved": "https://registry.npmjs.org/ws/-/ws-8.2.3.tgz",
      "integrity": "sha512-wBuoj1BDpC6ZQ1B7DWQBYVLphPWkm8i9Y0/3YdHjHKHiohOJ1ws+3OccDWtH+PoC9DZD5WOTrJvNbWvjS6JWaA==",
      "requires": {}
    }
  }
}
